# This file is generated by running "yarn install" inside your project.
# Manual changes might be lost - proceed with caution!

__metadata:
  version: 6
  cacheKey: 8

"@types/aws-lambda@npm:^8.10.92":
  version: 8.10.119
  resolution: "@types/aws-lambda@npm:8.10.119"
  checksum: 56328bd147fcbcd89da641f7cb0a5cfa1c1e0b0728a1c39769b6b912729737f5d7afc0701b0b0e949ba2b869efd53500e78a2d8733b1eb69c3cc27c06b05623b
  languageName: node
  linkType: hard

"inspoquotelambda@workspace:.":
  version: 0.0.0-use.local
  resolution: "inspoquotelambda@workspace:."
  dependencies:
    "@types/aws-lambda": ^8.10.92
  languageName: unknown
  linkType: soft
